
Microsoft Visual Studio Solution File, Format Version 12.00
# Visual Studio Version 17
VisualStudioVersion = 17.11.35312.102
MinimumVisualStudioVersion = 10.0.40219.1
Project("{FAE04EC0-301F-11D3-BF4B-00C04F79EFBC}") = "Auto Galerie", "Auto Galerie\Auto Galerie.csproj", "{08031418-7EF3-4D04-AB27-45D183537229}"
EndProject
Global
	GlobalSection(SolutionConfigurationPlatforms) = preSolution
		Debug|Any CPU = Debug|Any CPU
		Release|Any CPU = Release|Any CPU
	EndGlobalSection
	GlobalSection(ProjectConfigurationPlatforms) = postSolution
		{08031418-7EF3-4D04-AB27-45D183537229}.Debug|Any CPU.ActiveCfg = Debug|Any CPU
		{08031418-7EF3-4D04-AB27-45D183537229}.Debug|Any CPU.Build.0 = Debug|Any CPU
		{08031418-7EF3-4D04-AB27-45D183537229}.Release|Any CPU.ActiveCfg = Release|Any CPU
		{08031418-7EF3-4D04-AB27-45D183537229}.Release|Any CPU.Build.0 = Release|Any CPU
	EndGlobalSection
	GlobalSection(SolutionProperties) = preSolution
		HideSolutionNode = FALSE
	EndGlobalSection
	GlobalSection(ExtensibilityGlobals) = postSolution
		SolutionGuid = {DB7F6F42-2C1E-483C-B679-C6AEEC157BEB}
	EndGlobalSection
EndGlobal
